
Microsoft Visual Studio Solution File, Format Version 12.00
Project("{FAE04EC0-301F-11D3-BF4B-00C04F79EFBC}") = "Domain", "Domain\Domain.csproj", "{4390DD17-4627-4355-AC13-946BFDFD2EF6}"
EndProject
Project("{2150E333-8FDC-42A3-9474-1A3956D46DE8}") = "src", "src", "{60CA42E4-5D09-4BE7-AA4D-F739ACBDFA44}"
	ProjectSection(SolutionItems) = preProject
		..\TODO = ..\TODO
		..\README.md = ..\README.md
	EndProjectSection
EndProject
Project("{FAE04EC0-301F-11D3-BF4B-00C04F79EFBC}") = "Infrastructure", "Infrastructure\Infrastructure.csproj", "{C0089392-AE09-402F-80B6-F8C55E755ABE}"
EndProject
Project("{FAE04EC0-301F-11D3-BF4B-00C04F79EFBC}") = "Application", "Application\Application.csproj", "{FC7CDB77-6E42-4940-B22B-4AF814082C43}"
EndProject
Project("{2150E333-8FDC-42A3-9474-1A3956D46DE8}") = "tests", "tests", "{573B8FC6-A757-42C0-AD3F-C1331885DBCC}"
EndProject
Project("{FAE04EC0-301F-11D3-BF4B-00C04F79EFBC}") = "Application.UnitTests", "Application.UnitTests\Application.UnitTests.csproj", "{77C748FC-1936-43E6-AE9C-84744623CBA5}"
EndProject
Global
	GlobalSection(SolutionConfigurationPlatforms) = preSolution
		Debug|Any CPU = Debug|Any CPU
		Release|Any CPU = Release|Any CPU
	EndGlobalSection
	GlobalSection(ProjectConfigurationPlatforms) = postSolution
		{4390DD17-4627-4355-AC13-946BFDFD2EF6}.Debug|Any CPU.ActiveCfg = Debug|Any CPU
		{4390DD17-4627-4355-AC13-946BFDFD2EF6}.Debug|Any CPU.Build.0 = Debug|Any CPU
		{4390DD17-4627-4355-AC13-946BFDFD2EF6}.Release|Any CPU.ActiveCfg = Release|Any CPU
		{4390DD17-4627-4355-AC13-946BFDFD2EF6}.Release|Any CPU.Build.0 = Release|Any CPU
		{C0089392-AE09-402F-80B6-F8C55E755ABE}.Debug|Any CPU.ActiveCfg = Debug|Any CPU
		{C0089392-AE09-402F-80B6-F8C55E755ABE}.Debug|Any CPU.Build.0 = Debug|Any CPU
		{C0089392-AE09-402F-80B6-F8C55E755ABE}.Release|Any CPU.ActiveCfg = Release|Any CPU
		{C0089392-AE09-402F-80B6-F8C55E755ABE}.Release|Any CPU.Build.0 = Release|Any CPU
		{FC7CDB77-6E42-4940-B22B-4AF814082C43}.Debug|Any CPU.ActiveCfg = Debug|Any CPU
		{FC7CDB77-6E42-4940-B22B-4AF814082C43}.Debug|Any CPU.Build.0 = Debug|Any CPU
		{FC7CDB77-6E42-4940-B22B-4AF814082C43}.Release|Any CPU.ActiveCfg = Release|Any CPU
		{FC7CDB77-6E42-4940-B22B-4AF814082C43}.Release|Any CPU.Build.0 = Release|Any CPU
		{77C748FC-1936-43E6-AE9C-84744623CBA5}.Debug|Any CPU.ActiveCfg = Debug|Any CPU
		{77C748FC-1936-43E6-AE9C-84744623CBA5}.Debug|Any CPU.Build.0 = Debug|Any CPU
		{77C748FC-1936-43E6-AE9C-84744623CBA5}.Release|Any CPU.ActiveCfg = Release|Any CPU
		{77C748FC-1936-43E6-AE9C-84744623CBA5}.Release|Any CPU.Build.0 = Release|Any CPU
	EndGlobalSection
	GlobalSection(NestedProjects) = preSolution
		{4390DD17-4627-4355-AC13-946BFDFD2EF6} = {60CA42E4-5D09-4BE7-AA4D-F739ACBDFA44}
		{C0089392-AE09-402F-80B6-F8C55E755ABE} = {60CA42E4-5D09-4BE7-AA4D-F739ACBDFA44}
		{FC7CDB77-6E42-4940-B22B-4AF814082C43} = {60CA42E4-5D09-4BE7-AA4D-F739ACBDFA44}
		{77C748FC-1936-43E6-AE9C-84744623CBA5} = {573B8FC6-A757-42C0-AD3F-C1331885DBCC}
	EndGlobalSection
EndGlobal
